
Microsoft Visual Studio Solution File, Format Version 12.00
# Visual Studio Version 17
VisualStudioVersion = 17.6.33801.468
MinimumVisualStudioVersion = 10.0.40219.1
Project("{FAE04EC0-301F-11D3-BF4B-00C04F79EFBC}") = "NugetSeriesPersonajes", "NugetSeriesPersonajes\NugetSeriesPersonajes.csproj", "{B939C291-42C5-49E0-8D1A-8E4D73745615}"
EndProject
Global
	GlobalSection(SolutionConfigurationPlatforms) = preSolution
		Debug|Any CPU = Debug|Any CPU
		Release|Any CPU = Release|Any CPU
	EndGlobalSection
	GlobalSection(ProjectConfigurationPlatforms) = postSolution
		{B939C291-42C5-49E0-8D1A-8E4D73745615}.Debug|Any CPU.ActiveCfg = Debug|Any CPU
		{B939C291-42C5-49E0-8D1A-8E4D73745615}.Debug|Any CPU.Build.0 = Debug|Any CPU
		{B939C291-42C5-49E0-8D1A-8E4D73745615}.Release|Any CPU.ActiveCfg = Release|Any CPU
		{B939C291-42C5-49E0-8D1A-8E4D73745615}.Release|Any CPU.Build.0 = Release|Any CPU
	EndGlobalSection
	GlobalSection(SolutionProperties) = preSolution
		HideSolutionNode = FALSE
	EndGlobalSection
	GlobalSection(ExtensibilityGlobals) = postSolution
		SolutionGuid = {FB0CDF63-03E7-48A6-941B-7E3E8D9CE913}
	EndGlobalSection
EndGlobal
